// !$*UTF8*$!
{
	archiveVersion = 1;
	classes = {
	};
	objectVersion = 56;
	objects = {

/* Begin PBXBuildFile section */
		4BD0198629EF212D00849DF0 /* AppDelegate.swift in Sources */ = {isa = PBXBuildFile; fileRef = 4BD0198529EF212D00849DF0 /* AppDelegate.swift */; };
		4BD0198829EF212D00849DF0 /* SceneDelegate.swift in Sources */ = {isa = PBXBuildFile; fileRef = 4BD0198729EF212D00849DF0 /* SceneDelegate.swift */; };
		4BD0198A29EF212D00849DF0 /* ContactListViewController.swift in Sources */ = {isa = PBXBuildFile; fileRef = 4BD0198929EF212D00849DF0 /* ContactListViewController.swift */; };
		4BD0198D29EF212D00849DF0 /* Main.storyboard in Resources */ = {isa = PBXBuildFile; fileRef = 4BD0198B29EF212D00849DF0 /* Main.storyboard */; };
		4BD0198F29EF212D00849DF0 /* Assets.xcassets in Resources */ = {isa = PBXBuildFile; fileRef = 4BD0198E29EF212D00849DF0 /* Assets.xcassets */; };
		4BD0199229EF212D00849DF0 /* LaunchScreen.storyboard in Resources */ = {isa = PBXBuildFile; fileRef = 4BD0199029EF212D00849DF0 /* LaunchScreen.storyboard */; };
		4BD0199F29EF234A00849DF0 /* Person.swift in Sources */ = {isa = PBXBuildFile; fileRef = 4BD0199E29EF234A00849DF0 /* Person.swift */; };
		4BD019A129EF23E800849DF0 /* DataStore.swift in Sources */ = {isa = PBXBuildFile; fileRef = 4BD019A029EF23E800849DF0 /* DataStore.swift */; };
		4BD019A329EF31B500849DF0 /* ContactDetailViewController.swift in Sources */ = {isa = PBXBuildFile; fileRef = 4BD019A229EF31B500849DF0 /* ContactDetailViewController.swift */; };
/* End PBXBuildFile section */

/* Begin PBXFileReference section */
		4BD0198229EF212D00849DF0 /* ContactList.app */ = {isa = PBXFileReference; explicitFileType = wrapper.application; includeInIndex = 0; path = ContactList.app; sourceTree = BUILT_PRODUCTS_DIR; };
		4BD0198529EF212D00849DF0 /* AppDelegate.swift */ = {isa = PBXFileReference; lastKnownFileType = sourcecode.swift; path = AppDelegate.swift; sourceTree = "<group>"; };
		4BD0198729EF212D00849DF0 /* SceneDelegate.swift */ = {isa = PBXFileReference; lastKnownFileType = sourcecode.swift; path = SceneDelegate.swift; sourceTree = "<group>"; };
		4BD0198929EF212D00849DF0 /* ContactListViewController.swift */ = {isa = PBXFileReference; lastKnownFileType = sourcecode.swift; path = ContactListViewController.swift; sourceTree = "<group>"; };
		4BD0198C29EF212D00849DF0 /* Base */ = {isa = PBXFileReference; lastKnownFileType = file.storyboard; name = Base; path = Base.lproj/Main.storyboard; sourceTree = "<group>"; };
		4BD0198E29EF212D00849DF0 /* Assets.xcassets */ = {isa = PBXFileReference; lastKnownFileType = folder.assetcatalog; path = Assets.xcassets; sourceTree = "<group>"; };
		4BD0199129EF212D00849DF0 /* Base */ = {isa = PBXFileReference; lastKnownFileType = file.storyboard; name = Base; path = Base.lproj/LaunchScreen.storyboard; sourceTree = "<group>"; };
		4BD0199329EF212D00849DF0 /* Info.plist */ = {isa = PBXFileReference; lastKnownFileType = text.plist.xml; path = Info.plist; sourceTree = "<group>"; };
		4BD0199E29EF234A00849DF0 /* Person.swift */ = {isa = PBXFileReference; lastKnownFileType = sourcecode.swift; path = Person.swift; sourceTree = "<group>"; };
		4BD019A029EF23E800849DF0 /* DataStore.swift */ = {isa = PBXFileReference; lastKnownFileType = sourcecode.swift; path = DataStore.swift; sourceTree = "<group>"; };
		4BD019A229EF31B500849DF0 /* ContactDetailViewController.swift */ = {isa = PBXFileReference; lastKnownFileType = sourcecode.swift; path = ContactDetailViewController.swift; sourceTree = "<group>"; };
/* End PBXFileReference section */

/* Begin PBXFrameworksBuildPhase section */
		4BD0197F29EF212D00849DF0 /* Frameworks */ = {
			isa = PBXFrameworksBuildPhase;
			buildActionMask = 2147483647;
			files = (
			);
			runOnlyForDeploymentPostprocessing = 0;
		};
/* End PBXFrameworksBuildPhase section */

/* Begin PBXGroup section */
		4B4237D029EFE92900CDDD19 /* Resources */ = {
			isa = PBXGroup;
			children = (
				4BD0198E29EF212D00849DF0 /* Assets.xcassets */,
			);
			path = Resources;
			sourceTree = "<group>";
		};
		4BD0197929EF212D00849DF0 = {
			isa = PBXGroup;
			children = (
				4BD0198429EF212D00849DF0 /* ContactList */,
				4BD0198329EF212D00849DF0 /* Products */,
			);
			sourceTree = "<group>";
		};
		4BD0198329EF212D00849DF0 /* Products */ = {
			isa = PBXGroup;
			children = (
				4BD0198229EF212D00849DF0 /* ContactList.app */,
			);
			name = Products;
			sourceTree = "<group>";
		};
		4BD0198429EF212D00849DF0 /* ContactList */ = {
			isa = PBXGroup;
			children = (
				4BD0199929EF21D500849DF0 /* ViewControllers */,
				4BD0199C29EF22C100849DF0 /* Models */,
				4BD0199D29EF22DA00849DF0 /* Services */,
				4BD0199B29EF22B300849DF0 /* Storyboards */,
				4B4237D029EFE92900CDDD19 /* Resources */,
				4BD0199A29EF220600849DF0 /* App */,
			);
			path = ContactList;
			sourceTree = "<group>";
		};
		4BD0199929EF21D500849DF0 /* ViewControllers */ = {
			isa = PBXGroup;
			children = (
				4BD0198929EF212D00849DF0 /* ContactListViewController.swift */,
				4BD019A229EF31B500849DF0 /* ContactDetailViewController.swift */,
			);
			path = ViewControllers;
			sourceTree = "<group>";
		};
		4BD0199A29EF220600849DF0 /* App */ = {
			isa = PBXGroup;
			children = (
				4BD0198529EF212D00849DF0 /* AppDelegate.swift */,
				4BD0198729EF212D00849DF0 /* SceneDelegate.swift */,
				4BD0199329EF212D00849DF0 /* Info.plist */,
			);
			path = App;
			sourceTree = "<group>";
		};
		4BD0199B29EF22B300849DF0 /* Storyboards */ = {
			isa = PBXGroup;
			children = (
				4BD0198B29EF212D00849DF0 /* Main.storyboard */,
				4BD0199029EF212D00849DF0 /* LaunchScreen.storyboard */,
			);
			path = Storyboards;
			sourceTree = "<group>";
		};
		4BD0199C29EF22C100849DF0 /* Models */ = {
			isa = PBXGroup;
			children = (
				4BD0199E29EF234A00849DF0 /* Person.swift */,
			);
			path = Models;
			sourceTree = "<group>";
		};
		4BD0199D29EF22DA00849DF0 /* Services */ = {
			isa = PBXGroup;
			children = (
				4BD019A029EF23E800849DF0 /* DataStore.swift */,
			);
			path = Services;
			sourceTree = "<group>";
		};
/* End PBXGroup section */

/* Begin PBXNativeTarget section */
		4BD0198129EF212D00849DF0 /* ContactList */ = {
			isa = PBXNativeTarget;
			buildConfigurationList = 4BD0199629EF212D00849DF0 /* Build configuration list for PBXNativeTarget "ContactList" */;
			buildPhases = (
				4BD0197E29EF212D00849DF0 /* Sources */,
				4BD0197F29EF212D00849DF0 /* Frameworks */,
				4BD0198029EF212D00849DF0 /* Resources */,
			);
			buildRules = (
			);
			dependencies = (
			);
			name = ContactList;
			productName = ContactList;
			productReference = 4BD0198229EF212D00849DF0 /* ContactList.app */;
			productType = "com.apple.product-type.application";
		};
/* End PBXNativeTarget section */

/* Begin PBXProject section */
		4BD0197A29EF212D00849DF0 /* Project object */ = {
			isa = PBXProject;
			attributes = {
				BuildIndependentTargetsInParallel = 1;
				LastSwiftUpdateCheck = 1430;
				LastUpgradeCheck = 1430;
				TargetAttributes = {
					4BD0198129EF212D00849DF0 = {
						CreatedOnToolsVersion = 14.3;
					};
				};
			};
			buildConfigurationList = 4BD0197D29EF212D00849DF0 /* Build configuration list for PBXProject "ContactList" */;
			compatibilityVersion = "Xcode 14.0";
			developmentRegion = en;
			hasScannedForEncodings = 0;
			knownRegions = (
				en,
				Base,
			);
			mainGroup = 4BD0197929EF212D00849DF0;
			productRefGroup = 4BD0198329EF212D00849DF0 /* Products */;
			projectDirPath = "";
			projectRoot = "";
			targets = (
				4BD0198129EF212D00849DF0 /* ContactList */,
			);
		};
/* End PBXProject section */

/* Begin PBXResourcesBuildPhase section */
		4BD0198029EF212D00849DF0 /* Resources */ = {
			isa = PBXResourcesBuildPhase;
			buildActionMask = 2147483647;
			files = (
				4BD0199229EF212D00849DF0 /* LaunchScreen.storyboard in Resources */,
				4BD0198F29EF212D00849DF0 /* Assets.xcassets in Resources */,
				4BD0198D29EF212D00849DF0 /* Main.storyboard in Resources */,
			);
			runOnlyForDeploymentPostprocessing = 0;
		};
/* End PBXResourcesBuildPhase section */

/* Begin PBXSourcesBuildPhase section */
		4BD0197E29EF212D00849DF0 /* Sources */ = {
			isa = PBXSourcesBuildPhase;
			buildActionMask = 2147483647;
			files = (
				4BD0198A29EF212D00849DF0 /* ContactListViewController.swift in Sources */,
				4BD019A129EF23E800849DF0 /* DataStore.swift in Sources */,
				4BD0198629EF212D00849DF0 /* AppDelegate.swift in Sources */,
				4BD0199F29EF234A00849DF0 /* Person.swift in Sources */,
				4BD0198829EF212D00849DF0 /* SceneDelegate.swift in Sources */,
				4BD019A329EF31B500849DF0 /* ContactDetailViewController.swift in Sources */,
			);
			runOnlyForDeploymentPostprocessing = 0;
		};
/* End PBXSourcesBuildPhase section */

/* Begin PBXVariantGroup section */
		4BD0198B29EF212D00849DF0 /* Main.storyboard */ = {
			isa = PBXVariantGroup;
			children = (
				4BD0198C29EF212D00849DF0 /* Base */,
			);
			name = Main.storyboard;
			sourceTree = "<group>";
		};
		4BD0199029EF212D00849DF0 /* LaunchScreen.storyboard */ = {
			isa = PBXVariantGroup;
			children = (
				4BD0199129EF212D00849DF0 /* Base */,
			);
			name = LaunchScreen.storyboard;
			sourceTree = "<group>";
		};
/* End PBXVariantGroup section */

/* Begin XCBuildConfiguration section */
		4BD0199429EF212D00849DF0 /* Debug */ = {
			isa = XCBuildConfiguration;
			buildSettings = {
				ALWAYS_SEARCH_USER_PATHS = NO;
				CLANG_ANALYZER_NONNULL = YES;
				CLANG_ANALYZER_NUMBER_OBJECT_CONVERSION = YES_AGGRESSIVE;
				CLANG_CXX_LANGUAGE_STANDARD = "gnu++20";
				CLANG_ENABLE_MODULES = YES;
				CLANG_ENABLE_OBJC_ARC = YES;
				CLANG_ENABLE_OBJC_WEAK = YES;
				CLANG_WARN_BLOCK_CAPTURE_AUTORELEASING = YES;
				CLANG_WARN_BOOL_CONVERSION = YES;
				CLANG_WARN_COMMA = YES;
				CLANG_WARN_CONSTANT_CONVERSION = YES;
				CLANG_WARN_DEPRECATED_OBJC_IMPLEMENTATIONS = YES;
				CLANG_WARN_DIRECT_OBJC_ISA_USAGE = YES_ERROR;
				CLANG_WARN_DOCUMENTATION_COMMENTS = YES;
				CLANG_WARN_EMPTY_BODY = YES;
				CLANG_WARN_ENUM_CONVERSION = YES;
				CLANG_WARN_INFINITE_RECURSION = YES;
				CLANG_WARN_INT_CONVERSION = YES;
				CLANG_WARN_NON_LITERAL_NULL_CONVERSION = YES;
				CLANG_WARN_OBJC_IMPLICIT_RETAIN_SELF = YES;
				CLANG_WARN_OBJC_LITERAL_CONVERSION = YES;
				CLANG_WARN_OBJC_ROOT_CLASS = YES_ERROR;
				CLANG_WARN_QUOTED_INCLUDE_IN_FRAMEWORK_HEADER = YES;
				CLANG_WARN_RANGE_LOOP_ANALYSIS = YES;
				CLANG_WARN_STRICT_PROTOTYPES = YES;
				CLANG_WARN_SUSPICIOUS_MOVE = YES;
				CLANG_WARN_UNGUARDED_AVAILABILITY = YES_AGGRESSIVE;
				CLANG_WARN_UNREACHABLE_CODE = YES;
				CLANG_WARN__DUPLICATE_METHOD_MATCH = YES;
				COPY_PHASE_STRIP = NO;
				DEBUG_INFORMATION_FORMAT = dwarf;
				ENABLE_STRICT_OBJC_MSGSEND = YES;
				ENABLE_TESTABILITY = YES;
				GCC_C_LANGUAGE_STANDARD = gnu11;
				GCC_DYNAMIC_NO_PIC = NO;
				GCC_NO_COMMON_BLOCKS = YES;
				GCC_OPTIMIZATION_LEVEL = 0;
				GCC_PREPROCESSOR_DEFINITIONS = (
					"DEBUG=1",
					"$(inherited)",
				);
				GCC_WARN_64_TO_32_BIT_CONVERSION = YES;
				GCC_WARN_ABOUT_RETURN_TYPE = YES_ERROR;
				GCC_WARN_UNDECLARED_SELECTOR = YES;
				GCC_WARN_UNINITIALIZED_AUTOS = YES_AGGRESSIVE;
				GCC_WARN_UNUSED_FUNCTION = YES;
				GCC_WARN_UNUSED_VARIABLE = YES;
				IPHONEOS_DEPLOYMENT_TARGET = 16.4;
				MTL_ENABLE_DEBUG_INFO = INCLUDE_SOURCE;
				MTL_FAST_MATH = YES;
				ONLY_ACTIVE_ARCH = YES;
				SDKROOT = iphoneos;
				SWIFT_ACTIVE_COMPILATION_CONDITIONS = DEBUG;
				SWIFT_OPTIMIZATION_LEVEL = "-Onone";
			};
			name = Debug;
		};
		4BD0199529EF212D00849DF0 /* Release */ = {
			isa = XCBuildConfiguration;
			buildSettings = {
				ALWAYS_SEARCH_USER_PATHS = NO;
				CLANG_ANALYZER_NONNULL = YES;
				CLANG_ANALYZER_NUMBER_OBJECT_CONVERSION = YES_AGGRESSIVE;
				CLANG_CXX_LANGUAGE_STANDARD = "gnu++20";
				CLANG_ENABLE_MODULES = YES;
				CLANG_ENABLE_OBJC_ARC = YES;
				CLANG_ENABLE_OBJC_WEAK = YES;
				CLANG_WARN_BLOCK_CAPTURE_AUTORELEASING = YES;
				CLANG_WARN_BOOL_CONVERSION = YES;
				CLANG_WARN_COMMA = YES;
				CLANG_WARN_CONSTANT_CONVERSION = YES;
				CLANG_WARN_DEPRECATED_OBJC_IMPLEMENTATIONS = YES;
				CLANG_WARN_DIRECT_OBJC_ISA_USAGE = YES_ERROR;
				CLANG_WARN_DOCUMENTATION_COMMENTS = YES;
				CLANG_WARN_EMPTY_BODY = YES;
				CLANG_WARN_ENUM_CONVERSION = YES;
				CLANG_WARN_INFINITE_RECURSION = YES;
				CLANG_WARN_INT_CONVERSION = YES;
				CLANG_WARN_NON_LITERAL_NULL_CONVERSION = YES;
				CLANG_WARN_OBJC_IMPLICIT_RETAIN_SELF = YES;
				CLANG_WARN_OBJC_LITERAL_CONVERSION = YES;
				CLANG_WARN_OBJC_ROOT_CLASS = YES_ERROR;
				CLANG_WARN_QUOTED_INCLUDE_IN_FRAMEWORK_HEADER = YES;
				CLANG_WARN_RANGE_LOOP_ANALYSIS = YES;
				CLANG_WARN_STRICT_PROTOTYPES = YES;
				CLANG_WARN_SUSPICIOUS_MOVE = YES;
				CLANG_WARN_UNGUARDED_AVAILABILITY = YES_AGGRESSIVE;
				CLANG_WARN_UNREACHABLE_CODE = YES;
				CLANG_WARN__DUPLICATE_METHOD_MATCH = YES;
				COPY_PHASE_STRIP = NO;
				DEBUG_INFORMATION_FORMAT = "dwarf-with-dsym";
				ENABLE_NS_ASSERTIONS = NO;
				ENABLE_STRICT_OBJC_MSGSEND = YES;
				GCC_C_LANGUAGE_STANDARD = gnu11;
				GCC_NO_COMMON_BLOCKS = YES;
				GCC_WARN_64_TO_32_BIT_CONVERSION = YES;
				GCC_WARN_ABOUT_RETURN_TYPE = YES_ERROR;
				GCC_WARN_UNDECLARED_SELECTOR = YES;
				GCC_WARN_UNINITIALIZED_AUTOS = YES_AGGRESSIVE;
				GCC_WARN_UNUSED_FUNCTION = YES;
				GCC_WARN_UNUSED_VARIABLE = YES;
				IPHONEOS_DEPLOYMENT_TARGET = 16.4;
				MTL_ENABLE_DEBUG_INFO = NO;
				MTL_FAST_MATH = YES;
				SDKROOT = iphoneos;
				SWIFT_COMPILATION_MODE = wholemodule;
				SWIFT_OPTIMIZATION_LEVEL = "-O";
				VALIDATE_PRODUCT = YES;
			};
			name = Release;
		};
		4BD0199729EF212D00849DF0 /* Debug */ = {
			isa = XCBuildConfiguration;
			buildSettings = {
				ASSETCATALOG_COMPILER_APPICON_NAME = AppIcon;
				ASSETCATALOG_COMPILER_GLOBAL_ACCENT_COLOR_NAME = AccentColor;
				CODE_SIGN_STYLE = Automatic;
				CURRENT_PROJECT_VERSION = 1;
				DEVELOPMENT_TEAM = 73AU25U66T;
				GENERATE_INFOPLIST_FILE = YES;
				INFOPLIST_FILE = ContactList/App/Info.plist;
				INFOPLIST_KEY_CFBundleDisplayName = "Contact List";
				INFOPLIST_KEY_UIApplicationSupportsIndirectInputEvents = YES;
				INFOPLIST_KEY_UILaunchStoryboardName = LaunchScreen;
				INFOPLIST_KEY_UIMainStoryboardFile = Main;
				INFOPLIST_KEY_UISupportedInterfaceOrientations = UIInterfaceOrientationPortrait;
				INFOPLIST_KEY_UISupportedInterfaceOrientations_iPad = "UIInterfaceOrientationLandscapeLeft UIInterfaceOrientationLandscapeRight UIInterfaceOrientationPortrait UIInterfaceOrientationPortraitUpsideDown";
				LD_RUNPATH_SEARCH_PATHS = (
					"$(inherited)",
					"@executable_path/Frameworks",
				);
				MARKETING_VERSION = 1.0;
				PRODUCT_BUNDLE_IDENTIFIER = "Sergey-Zakharov.ContactList";
				PRODUCT_NAME = "$(TARGET_NAME)";
				SWIFT_EMIT_LOC_STRINGS = YES;
				SWIFT_VERSION = 5.0;
				TARGETED_DEVICE_FAMILY = "1,2";
			};
			name = Debug;
		};
		4BD0199829EF212D00849DF0 /* Release */ = {
			isa = XCBuildConfiguration;
			buildSettings = {
				ASSETCATALOG_COMPILER_APPICON_NAME = AppIcon;
				ASSETCATALOG_COMPILER_GLOBAL_ACCENT_COLOR_NAME = AccentColor;
				CODE_SIGN_STYLE = Automatic;
				CURRENT_PROJECT_VERSION = 1;
				DEVELOPMENT_TEAM = 73AU25U66T;
				GENERATE_INFOPLIST_FILE = YES;
				INFOPLIST_FILE = ContactList/App/Info.plist;
				INFOPLIST_KEY_CFBundleDisplayName = "Contact List";
				INFOPLIST_KEY_UIApplicationSupportsIndirectInputEvents = YES;
				INFOPLIST_KEY_UILaunchStoryboardName = LaunchScreen;
				INFOPLIST_KEY_UIMainStoryboardFile = Main;
				INFOPLIST_KEY_UISupportedInterfaceOrientations = UIInterfaceOrientationPortrait;
				INFOPLIST_KEY_UISupportedInterfaceOrientations_iPad = "UIInterfaceOrientationLandscapeLeft UIInterfaceOrientationLandscapeRight UIInterfaceOrientationPortrait UIInterfaceOrientationPortraitUpsideDown";
				LD_RUNPATH_SEARCH_PATHS = (
					"$(inherited)",
					"@executable_path/Frameworks",
				);
				MARKETING_VERSION = 1.0;
				PRODUCT_BUNDLE_IDENTIFIER = "Sergey-Zakharov.ContactList";
				PRODUCT_NAME = "$(TARGET_NAME)";
				SWIFT_EMIT_LOC_STRINGS = YES;
				SWIFT_VERSION = 5.0;
				TARGETED_DEVICE_FAMILY = "1,2";
			};
			name = Release;
		};
/* End XCBuildConfiguration section */

/* Begin XCConfigurationList section */
		4BD0197D29EF212D00849DF0 /* Build configuration list for PBXProject "ContactList" */ = {
			isa = XCConfigurationList;
			buildConfigurations = (
				4BD0199429EF212D00849DF0 /* Debug */,
				4BD0199529EF212D00849DF0 /* Release */,
			);
			defaultConfigurationIsVisible = 0;
			defaultConfigurationName = Release;
		};
		4BD0199629EF212D00849DF0 /* Build configuration list for PBXNativeTarget "ContactList" */ = {
			isa = XCConfigurationList;
			buildConfigurations = (
				4BD0199729EF212D00849DF0 /* Debug */,
				4BD0199829EF212D00849DF0 /* Release */,
			);
			defaultConfigurationIsVisible = 0;
			defaultConfigurationName = Release;
		};
/* End XCConfigurationList section */
	};
	rootObject = 4BD0197A29EF212D00849DF0 /* Project object */;
}
